
Microsoft Visual Studio Solution File, Format Version 12.00
# Visual Studio Version 17
VisualStudioVersion = 17.14.36203.30 d17.14
MinimumVisualStudioVersion = 10.0.40219.1
Project("{FAE04EC0-301F-11D3-BF4B-00C04F79EFBC}") = "BddWithReqnroll", "BddWithReqnroll\BddWithReqnroll.csproj", "{7234B2F3-3D56-4DEF-8A7E-AE345B56D88B}"
EndProject
Global
	GlobalSection(SolutionConfigurationPlatforms) = preSolution
		Debug|Any CPU = Debug|Any CPU
		Release|Any CPU = Release|Any CPU
	EndGlobalSection
	GlobalSection(ProjectConfigurationPlatforms) = postSolution
		{7234B2F3-3D56-4DEF-8A7E-AE345B56D88B}.Debug|Any CPU.ActiveCfg = Debug|Any CPU
		{7234B2F3-3D56-4DEF-8A7E-AE345B56D88B}.Debug|Any CPU.Build.0 = Debug|Any CPU
		{7234B2F3-3D56-4DEF-8A7E-AE345B56D88B}.Release|Any CPU.ActiveCfg = Release|Any CPU
		{7234B2F3-3D56-4DEF-8A7E-AE345B56D88B}.Release|Any CPU.Build.0 = Release|Any CPU
	EndGlobalSection
	GlobalSection(SolutionProperties) = preSolution
		HideSolutionNode = FALSE
	EndGlobalSection
	GlobalSection(ExtensibilityGlobals) = postSolution
		SolutionGuid = {61B8E53B-606F-4CEE-A73C-B5F2569160CD}
	EndGlobalSection
EndGlobal
